// !$*UTF8*$!
{
	archiveVersion = 1;
	classes = {
	};
	objectVersion = 48;
	objects = {

/* Begin PBXBuildFile section */
		130B89FE21216E7800DDB7A3 /* AutoScrollLabel.m in Sources */ = {isa = PBXBuildFile; fileRef = 130B89FD21216E7800DDB7A3 /* AutoScrollLabel.m */; };
		130B8A1B212274AA00DDB7A3 /* Step.m in Sources */ = {isa = PBXBuildFile; fileRef = 130B8A1A212274AA00DDB7A3 /* Step.m */; };
		130B8A1E2122756100DDB7A3 /* ApplicationDataHandler.m in Sources */ = {isa = PBXBuildFile; fileRef = 130B8A1D2122756100DDB7A3 /* ApplicationDataHandler.m */; };
		130B8A212122769200DDB7A3 /* ApplicationDirectionService.m in Sources */ = {isa = PBXBuildFile; fileRef = 130B8A202122769200DDB7A3 /* ApplicationDirectionService.m */; };
		130B8A2521227A0400DDB7A3 /* DirectionOverview.m in Sources */ = {isa = PBXBuildFile; fileRef = 130B8A2421227A0400DDB7A3 /* DirectionOverview.m */; };
		130B8A2821227A2F00DDB7A3 /* Leg.m in Sources */ = {isa = PBXBuildFile; fileRef = 130B8A2721227A2F00DDB7A3 /* Leg.m */; };
		130B8A2B2122891C00DDB7A3 /* GeocodedWaypoint.m in Sources */ = {isa = PBXBuildFile; fileRef = 130B8A2A2122891C00DDB7A3 /* GeocodedWaypoint.m */; };
		130B8A2E21228C9800DDB7A3 /* Route.m in Sources */ = {isa = PBXBuildFile; fileRef = 130B8A2D21228C9800DDB7A3 /* Route.m */; };
		130B8A3121228D9800DDB7A3 /* Bounds.m in Sources */ = {isa = PBXBuildFile; fileRef = 130B8A3021228D9800DDB7A3 /* Bounds.m */; };
		130B8A3421228DAC00DDB7A3 /* Location.m in Sources */ = {isa = PBXBuildFile; fileRef = 130B8A3321228DAC00DDB7A3 /* Location.m */; };
		130B8A3721228EF100DDB7A3 /* GoogleMapValue.m in Sources */ = {isa = PBXBuildFile; fileRef = 130B8A3621228EF100DDB7A3 /* GoogleMapValue.m */; };
		130B8A3A21228FED00DDB7A3 /* Polyline.m in Sources */ = {isa = PBXBuildFile; fileRef = 130B8A3921228FED00DDB7A3 /* Polyline.m */; };
		130B8A3C2122B35900DDB7A3 /* GoogleService-Info.plist in Resources */ = {isa = PBXBuildFile; fileRef = 130B8A3B2122B35900DDB7A3 /* GoogleService-Info.plist */; };
		1320750A2120476E00D02051 /* VC_MainPageSpaceDetails.m in Sources */ = {isa = PBXBuildFile; fileRef = 132075092120476D00D02051 /* VC_MainPageSpaceDetails.m */; };
		1320750E2120478E00D02051 /* VC_MainPageManager.m in Sources */ = {isa = PBXBuildFile; fileRef = 1320750D2120478E00D02051 /* VC_MainPageManager.m */; };
		132075122120483A00D02051 /* VC_MainPageSeach.m in Sources */ = {isa = PBXBuildFile; fileRef = 132075102120483A00D02051 /* VC_MainPageSeach.m */; };
		132075162120487900D02051 /* TC_MainPageSearchCell.m in Sources */ = {isa = PBXBuildFile; fileRef = 132075152120487900D02051 /* TC_MainPageSearchCell.m */; };
		1320751A2120489300D02051 /* TVC_MainPageDistrict.m in Sources */ = {isa = PBXBuildFile; fileRef = 132075182120489300D02051 /* TVC_MainPageDistrict.m */; };
		1320751E212048AA00D02051 /* TC_MainPageDistrictCell.m in Sources */ = {isa = PBXBuildFile; fileRef = 1320751C212048AA00D02051 /* TC_MainPageDistrictCell.m */; };
		13207522212048DC00D02051 /* VW_DetailsView.m in Sources */ = {isa = PBXBuildFile; fileRef = 13207520212048DC00D02051 /* VW_DetailsView.m */; };
		13207526212048F000D02051 /* VW_DirectionView.m in Sources */ = {isa = PBXBuildFile; fileRef = 13207524212048F000D02051 /* VW_DirectionView.m */; };
		1320752A2120490600D02051 /* VW_EditView.m in Sources */ = {isa = PBXBuildFile; fileRef = 132075292120490600D02051 /* VW_EditView.m */; };
		1335B8EE211F1DBC00C8EE2C /* VC_MainPageHome.m in Sources */ = {isa = PBXBuildFile; fileRef = 1335B8EC211F1DBC00C8EE2C /* VC_MainPageHome.m */; };
		13F41B062114497300A5CA1F /* LaunchScreen.storyboard in Resources */ = {isa = PBXBuildFile; fileRef = 13F41B052114497300A5CA1F /* LaunchScreen.storyboard */; };
		13F41B0A21144B1C00A5CA1F /* ApplicationNavigationController.m in Sources */ = {isa = PBXBuildFile; fileRef = 13F41B0921144B1C00A5CA1F /* ApplicationNavigationController.m */; };
		13F41B1A2114502400A5CA1F /* UIColor_EXT.m in Sources */ = {isa = PBXBuildFile; fileRef = 13F41B182114502400A5CA1F /* UIColor_EXT.m */; };
		13F9AD53211441CE00AEEA66 /* AppDelegate.m in Sources */ = {isa = PBXBuildFile; fileRef = 13F9AD52211441CE00AEEA66 /* AppDelegate.m */; };
		13F9AD5E211441CE00AEEA66 /* Assets.xcassets in Resources */ = {isa = PBXBuildFile; fileRef = 13F9AD5D211441CE00AEEA66 /* Assets.xcassets */; };
		13F9AD64211441CE00AEEA66 /* main.m in Sources */ = {isa = PBXBuildFile; fileRef = 13F9AD63211441CE00AEEA66 /* main.m */; };
		13F9AD6E211441CE00AEEA66 /* ScanerFoodTests.m in Sources */ = {isa = PBXBuildFile; fileRef = 13F9AD6D211441CE00AEEA66 /* ScanerFoodTests.m */; };
		13F9AD79211441CE00AEEA66 /* ScanerFoodUITests.m in Sources */ = {isa = PBXBuildFile; fileRef = 13F9AD78211441CE00AEEA66 /* ScanerFoodUITests.m */; };
		290292E8C53FE8C98CA90667 /* libPods-ScanerFoodTests.a in Frameworks */ = {isa = PBXBuildFile; fileRef = C9DF64F5EB7497EF4765D04B /* libPods-ScanerFoodTests.a */; };
		8B98AA5C81103F7687601FC3 /* libPods-ScanerFoodUITests.a in Frameworks */ = {isa = PBXBuildFile; fileRef = 4F307F94AD9A1EEC9DB80C9F /* libPods-ScanerFoodUITests.a */; };
		95BFA6CC16EC4DC87F563A36 /* libPods-ScanerFood.a in Frameworks */ = {isa = PBXBuildFile; fileRef = 0B530F56463F4E5E93B6A29D /* libPods-ScanerFood.a */; };
/* End PBXBuildFile section */

/* Begin PBXContainerItemProxy section */
		13F9AD6A211441CE00AEEA66 /* PBXContainerItemProxy */ = {
			isa = PBXContainerItemProxy;
			containerPortal = 13F9AD46211441CE00AEEA66 /* Project object */;
			proxyType = 1;
			remoteGlobalIDString = 13F9AD4D211441CE00AEEA66;
			remoteInfo = ScanerFood;
		};
		13F9AD75211441CE00AEEA66 /* PBXContainerItemProxy */ = {
			isa = PBXContainerItemProxy;
			containerPortal = 13F9AD46211441CE00AEEA66 /* Project object */;
			proxyType = 1;
			remoteGlobalIDString = 13F9AD4D211441CE00AEEA66;
			remoteInfo = ScanerFood;
		};
/* End PBXContainerItemProxy section */

/* Begin PBXFileReference section */
		0B530F56463F4E5E93B6A29D /* libPods-ScanerFood.a */ = {isa = PBXFileReference; explicitFileType = archive.ar; includeInIndex = 0; path = "libPods-ScanerFood.a"; sourceTree = BUILT_PRODUCTS_DIR; };
		130B89FC21216E7800DDB7A3 /* AutoScrollLabel.h */ = {isa = PBXFileReference; lastKnownFileType = sourcecode.c.h; path = AutoScrollLabel.h; sourceTree = "<group>"; };
		130B89FD21216E7800DDB7A3 /* AutoScrollLabel.m */ = {isa = PBXFileReference; lastKnownFileType = sourcecode.c.objc; path = AutoScrollLabel.m; sourceTree = "<group>"; };
		130B8A012122051400DDB7A3 /* ScanerFood-Bridging-Header.h */ = {isa = PBXFileReference; lastKnownFileType = sourcecode.c.h; path = "ScanerFood-Bridging-Header.h"; sourceTree = "<group>"; };
		130B8A19212274AA00DDB7A3 /* Step.h */ = {isa = PBXFileReference; lastKnownFileType = sourcecode.c.h; path = Step.h; sourceTree = "<group>"; };
		130B8A1A212274AA00DDB7A3 /* Step.m */ = {isa = PBXFileReference; lastKnownFileType = sourcecode.c.objc; path = Step.m; sourceTree = "<group>"; };
		130B8A1C2122756100DDB7A3 /* ApplicationDataHandler.h */ = {isa = PBXFileReference; lastKnownFileType = sourcecode.c.h; name = ApplicationDataHandler.h; path = Applications/ApplicationDataHandler.h; sourceTree = "<group>"; };
		130B8A1D2122756100DDB7A3 /* ApplicationDataHandler.m */ = {isa = PBXFileReference; lastKnownFileType = sourcecode.c.objc; name = ApplicationDataHandler.m; path = Applications/ApplicationDataHandler.m; sourceTree = "<group>"; };
		130B8A1F2122769200DDB7A3 /* ApplicationDirectionService.h */ = {isa = PBXFileReference; lastKnownFileType = sourcecode.c.h; name = ApplicationDirectionService.h; path = Applications/ApplicationDirectionService.h; sourceTree = "<group>"; };
		130B8A202122769200DDB7A3 /* ApplicationDirectionService.m */ = {isa = PBXFileReference; lastKnownFileType = sourcecode.c.objc; name = ApplicationDirectionService.m; path = Applications/ApplicationDirectionService.m; sourceTree = "<group>"; };
		130B8A2321227A0400DDB7A3 /* DirectionOverview.h */ = {isa = PBXFileReference; lastKnownFileType = sourcecode.c.h; path = DirectionOverview.h; sourceTree = "<group>"; };
		130B8A2421227A0400DDB7A3 /* DirectionOverview.m */ = {isa = PBXFileReference; lastKnownFileType = sourcecode.c.objc; path = DirectionOverview.m; sourceTree = "<group>"; };
		130B8A2621227A2F00DDB7A3 /* Leg.h */ = {isa = PBXFileReference; lastKnownFileType = sourcecode.c.h; path = Leg.h; sourceTree = "<group>"; };
		130B8A2721227A2F00DDB7A3 /* Leg.m */ = {isa = PBXFileReference; lastKnownFileType = sourcecode.c.objc; path = Leg.m; sourceTree = "<group>"; };
		130B8A292122891C00DDB7A3 /* GeocodedWaypoint.h */ = {isa = PBXFileReference; lastKnownFileType = sourcecode.c.h; path = GeocodedWaypoint.h; sourceTree = "<group>"; };
		130B8A2A2122891C00DDB7A3 /* GeocodedWaypoint.m */ = {isa = PBXFileReference; lastKnownFileType = sourcecode.c.objc; path = GeocodedWaypoint.m; sourceTree = "<group>"; };
		130B8A2C21228C9800DDB7A3 /* Route.h */ = {isa = PBXFileReference; lastKnownFileType = sourcecode.c.h; path = Route.h; sourceTree = "<group>"; };
		130B8A2D21228C9800DDB7A3 /* Route.m */ = {isa = PBXFileReference; lastKnownFileType = sourcecode.c.objc; path = Route.m; sourceTree = "<group>"; };
		130B8A2F21228D9800DDB7A3 /* Bounds.h */ = {isa = PBXFileReference; lastKnownFileType = sourcecode.c.h; path = Bounds.h; sourceTree = "<group>"; };
		130B8A3021228D9800DDB7A3 /* Bounds.m */ = {isa = PBXFileReference; lastKnownFileType = sourcecode.c.objc; path = Bounds.m; sourceTree = "<group>"; };
		130B8A3221228DAC00DDB7A3 /* Location.h */ = {isa = PBXFileReference; lastKnownFileType = sourcecode.c.h; path = Location.h; sourceTree = "<group>"; };
		130B8A3321228DAC00DDB7A3 /* Location.m */ = {isa = PBXFileReference; lastKnownFileType = sourcecode.c.objc; path = Location.m; sourceTree = "<group>"; };
		130B8A3521228EF100DDB7A3 /* GoogleMapValue.h */ = {isa = PBXFileReference; lastKnownFileType = sourcecode.c.h; path = GoogleMapValue.h; sourceTree = "<group>"; };
		130B8A3621228EF100DDB7A3 /* GoogleMapValue.m */ = {isa = PBXFileReference; lastKnownFileType = sourcecode.c.objc; path = GoogleMapValue.m; sourceTree = "<group>"; };
		130B8A3821228FED00DDB7A3 /* Polyline.h */ = {isa = PBXFileReference; lastKnownFileType = sourcecode.c.h; path = Polyline.h; sourceTree = "<group>"; };
		130B8A3921228FED00DDB7A3 /* Polyline.m */ = {isa = PBXFileReference; lastKnownFileType = sourcecode.c.objc; path = Polyline.m; sourceTree = "<group>"; };
		130B8A3B2122B35900DDB7A3 /* GoogleService-Info.plist */ = {isa = PBXFileReference; fileEncoding = 4; lastKnownFileType = text.plist.xml; path = "GoogleService-Info.plist"; sourceTree = "<group>"; };
		132075082120476D00D02051 /* VC_MainPageSpaceDetails.h */ = {isa = PBXFileReference; fileEncoding = 4; lastKnownFileType = sourcecode.c.h; path = VC_MainPageSpaceDetails.h; sourceTree = "<group>"; };
		132075092120476D00D02051 /* VC_MainPageSpaceDetails.m */ = {isa = PBXFileReference; fileEncoding = 4; lastKnownFileType = sourcecode.c.objc; path = VC_MainPageSpaceDetails.m; sourceTree = "<group>"; };
		1320750C2120478E00D02051 /* VC_MainPageManager.h */ = {isa = PBXFileReference; fileEncoding = 4; lastKnownFileType = sourcecode.c.h; path = VC_MainPageManager.h; sourceTree = "<group>"; };
		1320750D2120478E00D02051 /* VC_MainPageManager.m */ = {isa = PBXFileReference; fileEncoding = 4; lastKnownFileType = sourcecode.c.objc; path = VC_MainPageManager.m; sourceTree = "<group>"; };
		132075102120483A00D02051 /* VC_MainPageSeach.m */ = {isa = PBXFileReference; fileEncoding = 4; lastKnownFileType = sourcecode.c.objc; path = VC_MainPageSeach.m; sourceTree = "<group>"; };
		132075112120483A00D02051 /* VC_MainPageSeach.h */ = {isa = PBXFileReference; fileEncoding = 4; lastKnownFileType = sourcecode.c.h; path = VC_MainPageSeach.h; sourceTree = "<group>"; };
		132075142120487900D02051 /* TC_MainPageSearchCell.h */ = {isa = PBXFileReference; fileEncoding = 4; lastKnownFileType = sourcecode.c.h; path = TC_MainPageSearchCell.h; sourceTree = "<group>"; };
		132075152120487900D02051 /* TC_MainPageSearchCell.m */ = {isa = PBXFileReference; fileEncoding = 4; lastKnownFileType = sourcecode.c.objc; path = TC_MainPageSearchCell.m; sourceTree = "<group>"; };
		132075182120489300D02051 /* TVC_MainPageDistrict.m */ = {isa = PBXFileReference; fileEncoding = 4; lastKnownFileType = sourcecode.c.objc; path = TVC_MainPageDistrict.m; sourceTree = "<group>"; };
		132075192120489300D02051 /* TVC_MainPageDistrict.h */ = {isa = PBXFileReference; fileEncoding = 4; lastKnownFileType = sourcecode.c.h; path = TVC_MainPageDistrict.h; sourceTree = "<group>"; };
		1320751C212048AA00D02051 /* TC_MainPageDistrictCell.m */ = {isa = PBXFileReference; fileEncoding = 4; lastKnownFileType = sourcecode.c.objc; path = TC_MainPageDistrictCell.m; sourceTree = "<group>"; };
		1320751D212048AA00D02051 /* TC_MainPageDistrictCell.h */ = {isa = PBXFileReference; fileEncoding = 4; lastKnownFileType = sourcecode.c.h; path = TC_MainPageDistrictCell.h; sourceTree = "<group>"; };
		13207520212048DC00D02051 /* VW_DetailsView.m */ = {isa = PBXFileReference; fileEncoding = 4; lastKnownFileType = sourcecode.c.objc; path = VW_DetailsView.m; sourceTree = "<group>"; };
		13207521212048DC00D02051 /* VW_DetailsView.h */ = {isa = PBXFileReference; fileEncoding = 4; lastKnownFileType = sourcecode.c.h; path = VW_DetailsView.h; sourceTree = "<group>"; };
		13207524212048F000D02051 /* VW_DirectionView.m */ = {isa = PBXFileReference; fileEncoding = 4; lastKnownFileType = sourcecode.c.objc; path = VW_DirectionView.m; sourceTree = "<group>"; };
		13207525212048F000D02051 /* VW_DirectionView.h */ = {isa = PBXFileReference; fileEncoding = 4; lastKnownFileType = sourcecode.c.h; path = VW_DirectionView.h; sourceTree = "<group>"; };
		132075282120490600D02051 /* VW_EditView.h */ = {isa = PBXFileReference; fileEncoding = 4; lastKnownFileType = sourcecode.c.h; path = VW_EditView.h; sourceTree = "<group>"; };
		132075292120490600D02051 /* VW_EditView.m */ = {isa = PBXFileReference; fileEncoding = 4; lastKnownFileType = sourcecode.c.objc; path = VW_EditView.m; sourceTree = "<group>"; };
		1335B8EC211F1DBC00C8EE2C /* VC_MainPageHome.m */ = {isa = PBXFileReference; fileEncoding = 4; lastKnownFileType = sourcecode.c.objc; path = VC_MainPageHome.m; sourceTree = "<group>"; };
		1335B8ED211F1DBC00C8EE2C /* VC_MainPageHome.h */ = {isa = PBXFileReference; fileEncoding = 4; lastKnownFileType = sourcecode.c.h; path = VC_MainPageHome.h; sourceTree = "<group>"; };
		13F41B052114497300A5CA1F /* LaunchScreen.storyboard */ = {isa = PBXFileReference; fileEncoding = 4; lastKnownFileType = file.storyboard; path = LaunchScreen.storyboard; sourceTree = "<group>"; };
		13F41B0821144B1C00A5CA1F /* ApplicationNavigationController.h */ = {isa = PBXFileReference; lastKnownFileType = sourcecode.c.h; name = ApplicationNavigationController.h; path = Applications/ApplicationNavigationController.h; sourceTree = "<group>"; };
		13F41B0921144B1C00A5CA1F /* ApplicationNavigationController.m */ = {isa = PBXFileReference; lastKnownFileType = sourcecode.c.objc; name = ApplicationNavigationController.m; path = Applications/ApplicationNavigationController.m; sourceTree = "<group>"; };
		13F41B0B21144B4900A5CA1F /* PrefixHeader.pch */ = {isa = PBXFileReference; lastKnownFileType = sourcecode.c.h; path = PrefixHeader.pch; sourceTree = "<group>"; };
		13F41B0E21144CAC00A5CA1F /* ApplicationMacros.h */ = {isa = PBXFileReference; lastKnownFileType = sourcecode.c.h; path = ApplicationMacros.h; sourceTree = "<group>"; };
		13F41B182114502400A5CA1F /* UIColor_EXT.m */ = {isa = PBXFileReference; fileEncoding = 4; lastKnownFileType = sourcecode.c.objc; path = UIColor_EXT.m; sourceTree = "<group>"; };
		13F41B192114502400A5CA1F /* UIColor_EXT.h */ = {isa = PBXFileReference; fileEncoding = 4; lastKnownFileType = sourcecode.c.h; path = UIColor_EXT.h; sourceTree = "<group>"; };
		13F9AD4E211441CE00AEEA66 /* ScanerFood.app */ = {isa = PBXFileReference; explicitFileType = wrapper.application; includeInIndex = 0; path = ScanerFood.app; sourceTree = BUILT_PRODUCTS_DIR; };
		13F9AD51211441CE00AEEA66 /* AppDelegate.h */ = {isa = PBXFileReference; lastKnownFileType = sourcecode.c.h; path = AppDelegate.h; sourceTree = "<group>"; };
		13F9AD52211441CE00AEEA66 /* AppDelegate.m */ = {isa = PBXFileReference; lastKnownFileType = sourcecode.c.objc; path = AppDelegate.m; sourceTree = "<group>"; };
		13F9AD5D211441CE00AEEA66 /* Assets.xcassets */ = {isa = PBXFileReference; lastKnownFileType = folder.assetcatalog; path = Assets.xcassets; sourceTree = "<group>"; };
		13F9AD62211441CE00AEEA66 /* Info.plist */ = {isa = PBXFileReference; lastKnownFileType = text.plist.xml; path = Info.plist; sourceTree = "<group>"; };
		13F9AD63211441CE00AEEA66 /* main.m */ = {isa = PBXFileReference; lastKnownFileType = sourcecode.c.objc; path = main.m; sourceTree = "<group>"; };
		13F9AD69211441CE00AEEA66 /* ScanerFoodTests.xctest */ = {isa = PBXFileReference; explicitFileType = wrapper.cfbundle; includeInIndex = 0; path = ScanerFoodTests.xctest; sourceTree = BUILT_PRODUCTS_DIR; };
		13F9AD6D211441CE00AEEA66 /* ScanerFoodTests.m */ = {isa = PBXFileReference; lastKnownFileType = sourcecode.c.objc; path = ScanerFoodTests.m; sourceTree = "<group>"; };
		13F9AD6F211441CE00AEEA66 /* Info.plist */ = {isa = PBXFileReference; lastKnownFileType = text.plist.xml; path = Info.plist; sourceTree = "<group>"; };
		13F9AD74211441CE00AEEA66 /* ScanerFoodUITests.xctest */ = {isa = PBXFileReference; explicitFileType = wrapper.cfbundle; includeInIndex = 0; path = ScanerFoodUITests.xctest; sourceTree = BUILT_PRODUCTS_DIR; };
		13F9AD78211441CE00AEEA66 /* ScanerFoodUITests.m */ = {isa = PBXFileReference; lastKnownFileType = sourcecode.c.objc; path = ScanerFoodUITests.m; sourceTree = "<group>"; };
		13F9AD7A211441CE00AEEA66 /* Info.plist */ = {isa = PBXFileReference; lastKnownFileType = text.plist.xml; path = Info.plist; sourceTree = "<group>"; };
		310346DAC741F1795F7AF99A /* Pods-ScanerFoodUITests.release.xcconfig */ = {isa = PBXFileReference; includeInIndex = 1; lastKnownFileType = text.xcconfig; name = "Pods-ScanerFoodUITests.release.xcconfig"; path = "Pods/Target Support Files/Pods-ScanerFoodUITests/Pods-ScanerFoodUITests.release.xcconfig"; sourceTree = "<group>"; };
		4248C0DCD1F2F2BCF8AE3AFA /* Pods-ScanerFoodTests.debug.xcconfig */ = {isa = PBXFileReference; includeInIndex = 1; lastKnownFileType = text.xcconfig; name = "Pods-ScanerFoodTests.debug.xcconfig"; path = "Pods/Target Support Files/Pods-ScanerFoodTests/Pods-ScanerFoodTests.debug.xcconfig"; sourceTree = "<group>"; };
		4F307F94AD9A1EEC9DB80C9F /* libPods-ScanerFoodUITests.a */ = {isa = PBXFileReference; explicitFileType = archive.ar; includeInIndex = 0; path = "libPods-ScanerFoodUITests.a"; sourceTree = BUILT_PRODUCTS_DIR; };
		6A21E0E22CDEB2CD432F4282 /* Pods-ScanerFood.release.xcconfig */ = {isa = PBXFileReference; includeInIndex = 1; lastKnownFileType = text.xcconfig; name = "Pods-ScanerFood.release.xcconfig"; path = "Pods/Target Support Files/Pods-ScanerFood/Pods-ScanerFood.release.xcconfig"; sourceTree = "<group>"; };
		7080A48000F0B829F526AC73 /* Pods-ScanerFoodTests.release.xcconfig */ = {isa = PBXFileReference; includeInIndex = 1; lastKnownFileType = text.xcconfig; name = "Pods-ScanerFoodTests.release.xcconfig"; path = "Pods/Target Support Files/Pods-ScanerFoodTests/Pods-ScanerFoodTests.release.xcconfig"; sourceTree = "<group>"; };
		A74BBBD59A05E667EAE94ABB /* Pods-ScanerFoodUITests.debug.xcconfig */ = {isa = PBXFileReference; includeInIndex = 1; lastKnownFileType = text.xcconfig; name = "Pods-ScanerFoodUITests.debug.xcconfig"; path = "Pods/Target Support Files/Pods-ScanerFoodUITests/Pods-ScanerFoodUITests.debug.xcconfig"; sourceTree = "<group>"; };
		C9DF64F5EB7497EF4765D04B /* libPods-ScanerFoodTests.a */ = {isa = PBXFileReference; explicitFileType = archive.ar; includeInIndex = 0; path = "libPods-ScanerFoodTests.a"; sourceTree = BUILT_PRODUCTS_DIR; };
		CEA92E25A453FB97F1D94F6F /* Pods-ScanerFood.debug.xcconfig */ = {isa = PBXFileReference; includeInIndex = 1; lastKnownFileType = text.xcconfig; name = "Pods-ScanerFood.debug.xcconfig"; path = "Pods/Target Support Files/Pods-ScanerFood/Pods-ScanerFood.debug.xcconfig"; sourceTree = "<group>"; };
/* End PBXFileReference section */

/* Begin PBXFrameworksBuildPhase section */
		13F9AD4B211441CE00AEEA66 /* Frameworks */ = {
			isa = PBXFrameworksBuildPhase;
			buildActionMask = 2147483647;
			files = (
				95BFA6CC16EC4DC87F563A36 /* libPods-ScanerFood.a in Frameworks */,
			);
			runOnlyForDeploymentPostprocessing = 0;
		};
		13F9AD66211441CE00AEEA66 /* Frameworks */ = {
			isa = PBXFrameworksBuildPhase;
			buildActionMask = 2147483647;
			files = (
				290292E8C53FE8C98CA90667 /* libPods-ScanerFoodTests.a in Frameworks */,
			);
			runOnlyForDeploymentPostprocessing = 0;
		};
		13F9AD71211441CE00AEEA66 /* Frameworks */ = {
			isa = PBXFrameworksBuildPhase;
			buildActionMask = 2147483647;
			files = (
				8B98AA5C81103F7687601FC3 /* libPods-ScanerFoodUITests.a in Frameworks */,
			);
			runOnlyForDeploymentPostprocessing = 0;
		};
/* End PBXFrameworksBuildPhase section */

/* Begin PBXGroup section */
		0366E70ACA810271B85B1839 /* Pods */ = {
			isa = PBXGroup;
			children = (
				CEA92E25A453FB97F1D94F6F /* Pods-ScanerFood.debug.xcconfig */,
				6A21E0E22CDEB2CD432F4282 /* Pods-ScanerFood.release.xcconfig */,
				4248C0DCD1F2F2BCF8AE3AFA /* Pods-ScanerFoodTests.debug.xcconfig */,
				7080A48000F0B829F526AC73 /* Pods-ScanerFoodTests.release.xcconfig */,
				A74BBBD59A05E667EAE94ABB /* Pods-ScanerFoodUITests.debug.xcconfig */,
				310346DAC741F1795F7AF99A /* Pods-ScanerFoodUITests.release.xcconfig */,
			);
			name = Pods;
			sourceTree = "<group>";
		};
		130B89FB21216E5600DDB7A3 /* UIlabel_EXT */ = {
			isa = PBXGroup;
			children = (
				130B89FC21216E7800DDB7A3 /* AutoScrollLabel.h */,
				130B89FD21216E7800DDB7A3 /* AutoScrollLabel.m */,
			);
			path = UIlabel_EXT;
			sourceTree = "<group>";
		};
		130B89FF2122016200DDB7A3 /* DataSource */ = {
			isa = PBXGroup;
			children = (
				130B8A002122017A00DDB7A3 /* MappingObject */,
			);
			path = DataSource;
			sourceTree = "<group>";
		};
		130B8A002122017A00DDB7A3 /* MappingObject */ = {
			isa = PBXGroup;
			children = (
				130B8A012122051400DDB7A3 /* ScanerFood-Bridging-Header.h */,
				130B8A2321227A0400DDB7A3 /* DirectionOverview.h */,
				130B8A2421227A0400DDB7A3 /* DirectionOverview.m */,
				130B8A292122891C00DDB7A3 /* GeocodedWaypoint.h */,
				130B8A2A2122891C00DDB7A3 /* GeocodedWaypoint.m */,
				130B8A2C21228C9800DDB7A3 /* Route.h */,
				130B8A2D21228C9800DDB7A3 /* Route.m */,
				130B8A2621227A2F00DDB7A3 /* Leg.h */,
				130B8A2721227A2F00DDB7A3 /* Leg.m */,
				130B8A19212274AA00DDB7A3 /* Step.h */,
				130B8A1A212274AA00DDB7A3 /* Step.m */,
				130B8A3821228FED00DDB7A3 /* Polyline.h */,
				130B8A3921228FED00DDB7A3 /* Polyline.m */,
				130B8A3521228EF100DDB7A3 /* GoogleMapValue.h */,
				130B8A3621228EF100DDB7A3 /* GoogleMapValue.m */,
				130B8A2F21228D9800DDB7A3 /* Bounds.h */,
				130B8A3021228D9800DDB7A3 /* Bounds.m */,
				130B8A3221228DAC00DDB7A3 /* Location.h */,
				130B8A3321228DAC00DDB7A3 /* Location.m */,
			);
			path = MappingObject;
			sourceTree = "<group>";
		};
		132075072120474B00D02051 /* VC_MainPageSpaceDetails */ = {
			isa = PBXGroup;
			children = (
				13207527212048F400D02051 /* VW_EditView */,
				13207523212048DF00D02051 /* VW_DirectionView */,
				1320751F212048CA00D02051 /* VW_DetailsView */,
				132075082120476D00D02051 /* VC_MainPageSpaceDetails.h */,
				132075092120476D00D02051 /* VC_MainPageSpaceDetails.m */,
			);
			path = VC_MainPageSpaceDetails;
			sourceTree = "<group>";
		};
		1320750B2120477D00D02051 /* VC_MainPageManager */ = {
			isa = PBXGroup;
			children = (
				1320750C2120478E00D02051 /* VC_MainPageManager.h */,
				1320750D2120478E00D02051 /* VC_MainPageManager.m */,
			);
			path = VC_MainPageManager;
			sourceTree = "<group>";
		};
		1320750F2120482800D02051 /* VC_MainPageSearch */ = {
			isa = PBXGroup;
			children = (
				132075172120487D00D02051 /* TVC_MainPageDistrict */,
				132075132120486900D02051 /* TC_MainPageSearchCell */,
				132075112120483A00D02051 /* VC_MainPageSeach.h */,
				132075102120483A00D02051 /* VC_MainPageSeach.m */,
			);
			path = VC_MainPageSearch;
			sourceTree = "<group>";
		};
		132075132120486900D02051 /* TC_MainPageSearchCell */ = {
			isa = PBXGroup;
			children = (
				132075142120487900D02051 /* TC_MainPageSearchCell.h */,
				132075152120487900D02051 /* TC_MainPageSearchCell.m */,
			);
			path = TC_MainPageSearchCell;
			sourceTree = "<group>";
		};
		132075172120487D00D02051 /* TVC_MainPageDistrict */ = {
			isa = PBXGroup;
			children = (
				1320751B2120489C00D02051 /* TC_MainPageDistrictCell */,
				132075192120489300D02051 /* TVC_MainPageDistrict.h */,
				132075182120489300D02051 /* TVC_MainPageDistrict.m */,
			);
			path = TVC_MainPageDistrict;
			sourceTree = "<group>";
		};
		1320751B2120489C00D02051 /* TC_MainPageDistrictCell */ = {
			isa = PBXGroup;
			children = (
				1320751D212048AA00D02051 /* TC_MainPageDistrictCell.h */,
				1320751C212048AA00D02051 /* TC_MainPageDistrictCell.m */,
			);
			path = TC_MainPageDistrictCell;
			sourceTree = "<group>";
		};
		1320751F212048CA00D02051 /* VW_DetailsView */ = {
			isa = PBXGroup;
			children = (
				13207521212048DC00D02051 /* VW_DetailsView.h */,
				13207520212048DC00D02051 /* VW_DetailsView.m */,
			);
			path = VW_DetailsView;
			sourceTree = "<group>";
		};
		13207523212048DF00D02051 /* VW_DirectionView */ = {
			isa = PBXGroup;
			children = (
				13207525212048F000D02051 /* VW_DirectionView.h */,
				13207524212048F000D02051 /* VW_DirectionView.m */,
			);
			path = VW_DirectionView;
			sourceTree = "<group>";
		};
		13207527212048F400D02051 /* VW_EditView */ = {
			isa = PBXGroup;
			children = (
				132075282120490600D02051 /* VW_EditView.h */,
				132075292120490600D02051 /* VW_EditView.m */,
			);
			path = VW_EditView;
			sourceTree = "<group>";
		};
		1335B8EA211F1D8B00C8EE2C /* ViewControllers */ = {
			isa = PBXGroup;
			children = (
				132075072120474B00D02051 /* VC_MainPageSpaceDetails */,
				1335B8EB211F1D9A00C8EE2C /* VC_MainPageHome */,
			);
			path = ViewControllers;
			sourceTree = "<group>";
		};
		1335B8EB211F1D9A00C8EE2C /* VC_MainPageHome */ = {
			isa = PBXGroup;
			children = (
				1320750F2120482800D02051 /* VC_MainPageSearch */,
				1320750B2120477D00D02051 /* VC_MainPageManager */,
				1335B8ED211F1DBC00C8EE2C /* VC_MainPageHome.h */,
				1335B8EC211F1DBC00C8EE2C /* VC_MainPageHome.m */,
			);
			path = VC_MainPageHome;
			sourceTree = "<group>";
		};
		13F41B0721144AD600A5CA1F /* Applications */ = {
			isa = PBXGroup;
			children = (
				13F9AD51211441CE00AEEA66 /* AppDelegate.h */,
				13F9AD52211441CE00AEEA66 /* AppDelegate.m */,
				13F41B0821144B1C00A5CA1F /* ApplicationNavigationController.h */,
				13F41B0921144B1C00A5CA1F /* ApplicationNavigationController.m */,
				130B8A1F2122769200DDB7A3 /* ApplicationDirectionService.h */,
				130B8A202122769200DDB7A3 /* ApplicationDirectionService.m */,
				130B8A1C2122756100DDB7A3 /* ApplicationDataHandler.h */,
				130B8A1D2122756100DDB7A3 /* ApplicationDataHandler.m */,
				13F41B0E21144CAC00A5CA1F /* ApplicationMacros.h */,
			);
			name = Applications;
			sourceTree = "<group>";
		};
		13F41B0C21144C5100A5CA1F /* DefaultFiles */ = {
			isa = PBXGroup;
			children = (
				13F41B052114497300A5CA1F /* LaunchScreen.storyboard */,
				13F9AD5D211441CE00AEEA66 /* Assets.xcassets */,
				13F9AD62211441CE00AEEA66 /* Info.plist */,
				13F9AD63211441CE00AEEA66 /* main.m */,
				130B8A3B2122B35900DDB7A3 /* GoogleService-Info.plist */,
			);
			name = DefaultFiles;
			sourceTree = "<group>";
		};
		13F41B0D21144C6B00A5CA1F /* SupportingFiles */ = {
			isa = PBXGroup;
			children = (
				13F41B0B21144B4900A5CA1F /* PrefixHeader.pch */,
			);
			name = SupportingFiles;
			sourceTree = "<group>";
		};
		13F41B162114500100A5CA1F /* Extensions */ = {
			isa = PBXGroup;
			children = (
				130B89FB21216E5600DDB7A3 /* UIlabel_EXT */,
				13F41B172114500D00A5CA1F /* UIColor_EXT */,
			);
			path = Extensions;
			sourceTree = "<group>";
		};
		13F41B172114500D00A5CA1F /* UIColor_EXT */ = {
			isa = PBXGroup;
			children = (
				13F41B192114502400A5CA1F /* UIColor_EXT.h */,
				13F41B182114502400A5CA1F /* UIColor_EXT.m */,
			);
			path = UIColor_EXT;
			sourceTree = "<group>";
		};
		13F9AD45211441CE00AEEA66 = {
			isa = PBXGroup;
			children = (
				13F9AD50211441CE00AEEA66 /* ScanerFood */,
				13F9AD6C211441CE00AEEA66 /* ScanerFoodTests */,
				13F9AD77211441CE00AEEA66 /* ScanerFoodUITests */,
				13F9AD4F211441CE00AEEA66 /* Products */,
				0366E70ACA810271B85B1839 /* Pods */,
				F3DF8540421D3A32A555B7F2 /* Frameworks */,
			);
			sourceTree = "<group>";
		};
		13F9AD4F211441CE00AEEA66 /* Products */ = {
			isa = PBXGroup;
			children = (
				13F9AD4E211441CE00AEEA66 /* ScanerFood.app */,
				13F9AD69211441CE00AEEA66 /* ScanerFoodTests.xctest */,
				13F9AD74211441CE00AEEA66 /* ScanerFoodUITests.xctest */,
			);
			name = Products;
			sourceTree = "<group>";
		};
		13F9AD50211441CE00AEEA66 /* ScanerFood */ = {
			isa = PBXGroup;
			children = (
				130B89FF2122016200DDB7A3 /* DataSource */,
				13F41B162114500100A5CA1F /* Extensions */,
				1335B8EA211F1D8B00C8EE2C /* ViewControllers */,
				13F41B0721144AD600A5CA1F /* Applications */,
				13F41B0C21144C5100A5CA1F /* DefaultFiles */,
				13F41B0D21144C6B00A5CA1F /* SupportingFiles */,
			);
			path = ScanerFood;
			sourceTree = "<group>";
		};
		13F9AD6C211441CE00AEEA66 /* ScanerFoodTests */ = {
			isa = PBXGroup;
			children = (
				13F9AD6D211441CE00AEEA66 /* ScanerFoodTests.m */,
				13F9AD6F211441CE00AEEA66 /* Info.plist */,
			);
			path = ScanerFoodTests;
			sourceTree = "<group>";
		};
		13F9AD77211441CE00AEEA66 /* ScanerFoodUITests */ = {
			isa = PBXGroup;
			children = (
				13F9AD78211441CE00AEEA66 /* ScanerFoodUITests.m */,
				13F9AD7A211441CE00AEEA66 /* Info.plist */,
			);
			path = ScanerFoodUITests;
			sourceTree = "<group>";
		};
		F3DF8540421D3A32A555B7F2 /* Frameworks */ = {
			isa = PBXGroup;
			children = (
				0B530F56463F4E5E93B6A29D /* libPods-ScanerFood.a */,
				C9DF64F5EB7497EF4765D04B /* libPods-ScanerFoodTests.a */,
				4F307F94AD9A1EEC9DB80C9F /* libPods-ScanerFoodUITests.a */,
			);
			name = Frameworks;
			sourceTree = "<group>";
		};
/* End PBXGroup section */

/* Begin PBXNativeTarget section */
		13F9AD4D211441CE00AEEA66 /* ScanerFood */ = {
			isa = PBXNativeTarget;
			buildConfigurationList = 13F9AD7D211441CE00AEEA66 /* Build configuration list for PBXNativeTarget "ScanerFood" */;
			buildPhases = (
				DFD177510B49960198A6DC2E /* [CP] Check Pods Manifest.lock */,
				13F9AD4A211441CE00AEEA66 /* Sources */,
				13F9AD4B211441CE00AEEA66 /* Frameworks */,
				13F9AD4C211441CE00AEEA66 /* Resources */,
				786E7F6F522899FC68A738B8 /* [CP] Copy Pods Resources */,
			);
			buildRules = (
			);
			dependencies = (
			);
			name = ScanerFood;
			productName = ScanerFood;
			productReference = 13F9AD4E211441CE00AEEA66 /* ScanerFood.app */;
			productType = "com.apple.product-type.application";
		};
		13F9AD68211441CE00AEEA66 /* ScanerFoodTests */ = {
			isa = PBXNativeTarget;
			buildConfigurationList = 13F9AD80211441CE00AEEA66 /* Build configuration list for PBXNativeTarget "ScanerFoodTests" */;
			buildPhases = (
				3A1E92D1F564AC1BED9CD21F /* [CP] Check Pods Manifest.lock */,
				13F9AD65211441CE00AEEA66 /* Sources */,
				13F9AD66211441CE00AEEA66 /* Frameworks */,
				13F9AD67211441CE00AEEA66 /* Resources */,
			);
			buildRules = (
			);
			dependencies = (
				13F9AD6B211441CE00AEEA66 /* PBXTargetDependency */,
			);
			name = ScanerFoodTests;
			productName = ScanerFoodTests;
			productReference = 13F9AD69211441CE00AEEA66 /* ScanerFoodTests.xctest */;
			productType = "com.apple.product-type.bundle.unit-test";
		};
		13F9AD73211441CE00AEEA66 /* ScanerFoodUITests */ = {
			isa = PBXNativeTarget;
			buildConfigurationList = 13F9AD83211441CE00AEEA66 /* Build configuration list for PBXNativeTarget "ScanerFoodUITests" */;
			buildPhases = (
				56AA1B508AC0D2DBB8C3000F /* [CP] Check Pods Manifest.lock */,
				13F9AD70211441CE00AEEA66 /* Sources */,
				13F9AD71211441CE00AEEA66 /* Frameworks */,
				13F9AD72211441CE00AEEA66 /* Resources */,
			);
			buildRules = (
			);
			dependencies = (
				13F9AD76211441CE00AEEA66 /* PBXTargetDependency */,
			);
			name = ScanerFoodUITests;
			productName = ScanerFoodUITests;
			productReference = 13F9AD74211441CE00AEEA66 /* ScanerFoodUITests.xctest */;
			productType = "com.apple.product-type.bundle.ui-testing";
		};
/* End PBXNativeTarget section */

/* Begin PBXProject section */
		13F9AD46211441CE00AEEA66 /* Project object */ = {
			isa = PBXProject;
			attributes = {
				LastUpgradeCheck = 0940;
				ORGANIZATIONNAME = "Lucas Luu";
				TargetAttributes = {
					13F9AD4D211441CE00AEEA66 = {
						CreatedOnToolsVersion = 9.2;
						LastSwiftMigration = 0940;
						ProvisioningStyle = Automatic;
					};
					13F9AD68211441CE00AEEA66 = {
						CreatedOnToolsVersion = 9.2;
						ProvisioningStyle = Automatic;
						TestTargetID = 13F9AD4D211441CE00AEEA66;
					};
					13F9AD73211441CE00AEEA66 = {
						CreatedOnToolsVersion = 9.2;
						ProvisioningStyle = Automatic;
						TestTargetID = 13F9AD4D211441CE00AEEA66;
					};
				};
			};
			buildConfigurationList = 13F9AD49211441CE00AEEA66 /* Build configuration list for PBXProject "ScanerFood" */;
			compatibilityVersion = "Xcode 8.0";
			developmentRegion = en;
			hasScannedForEncodings = 0;
			knownRegions = (
				en,
				Base,
			);
			mainGroup = 13F9AD45211441CE00AEEA66;
			productRefGroup = 13F9AD4F211441CE00AEEA66 /* Products */;
			projectDirPath = "";
			projectRoot = "";
			targets = (
				13F9AD4D211441CE00AEEA66 /* ScanerFood */,
				13F9AD68211441CE00AEEA66 /* ScanerFoodTests */,
				13F9AD73211441CE00AEEA66 /* ScanerFoodUITests */,
			);
		};
/* End PBXProject section */

/* Begin PBXResourcesBuildPhase section */
		13F9AD4C211441CE00AEEA66 /* Resources */ = {
			isa = PBXResourcesBuildPhase;
			buildActionMask = 2147483647;
			files = (
				13F9AD5E211441CE00AEEA66 /* Assets.xcassets in Resources */,
				13F41B062114497300A5CA1F /* LaunchScreen.storyboard in Resources */,
				130B8A3C2122B35900DDB7A3 /* GoogleService-Info.plist in Resources */,
			);
			runOnlyForDeploymentPostprocessing = 0;
		};
		13F9AD67211441CE00AEEA66 /* Resources */ = {
			isa = PBXResourcesBuildPhase;
			buildActionMask = 2147483647;
			files = (
			);
			runOnlyForDeploymentPostprocessing = 0;
		};
		13F9AD72211441CE00AEEA66 /* Resources */ = {
			isa = PBXResourcesBuildPhase;
			buildActionMask = 2147483647;
			files = (
			);
			runOnlyForDeploymentPostprocessing = 0;
		};
/* End PBXResourcesBuildPhase section */

/* Begin PBXShellScriptBuildPhase section */
		3A1E92D1F564AC1BED9CD21F /* [CP] Check Pods Manifest.lock */ = {
			isa = PBXShellScriptBuildPhase;
			buildActionMask = 2147483647;
			files = (
			);
			inputPaths = (
				"${PODS_PODFILE_DIR_PATH}/Podfile.lock",
				"${PODS_ROOT}/Manifest.lock",
			);
			name = "[CP] Check Pods Manifest.lock";
			outputPaths = (
				"$(DERIVED_FILE_DIR)/Pods-ScanerFoodTests-checkManifestLockResult.txt",
			);
			runOnlyForDeploymentPostprocessing = 0;
			shellPath = /bin/sh;
			shellScript = "diff \"${PODS_PODFILE_DIR_PATH}/Podfile.lock\" \"${PODS_ROOT}/Manifest.lock\" > /dev/null\nif [ $? != 0 ] ; then\n    # print error to STDERR\n    echo \"error: The sandbox is not in sync with the Podfile.lock. Run 'pod install' or update your CocoaPods installation.\" >&2\n    exit 1\nfi\n# This output is used by Xcode 'outputs' to avoid re-running this script phase.\necho \"SUCCESS\" > \"${SCRIPT_OUTPUT_FILE_0}\"\n";
			showEnvVarsInLog = 0;
		};
		56AA1B508AC0D2DBB8C3000F /* [CP] Check Pods Manifest.lock */ = {
			isa = PBXShellScriptBuildPhase;
			buildActionMask = 2147483647;
			files = (
			);
			inputPaths = (
				"${PODS_PODFILE_DIR_PATH}/Podfile.lock",
				"${PODS_ROOT}/Manifest.lock",
			);
			name = "[CP] Check Pods Manifest.lock";
			outputPaths = (
				"$(DERIVED_FILE_DIR)/Pods-ScanerFoodUITests-checkManifestLockResult.txt",
			);
			runOnlyForDeploymentPostprocessing = 0;
			shellPath = /bin/sh;
			shellScript = "diff \"${PODS_PODFILE_DIR_PATH}/Podfile.lock\" \"${PODS_ROOT}/Manifest.lock\" > /dev/null\nif [ $? != 0 ] ; then\n    # print error to STDERR\n    echo \"error: The sandbox is not in sync with the Podfile.lock. Run 'pod install' or update your CocoaPods installation.\" >&2\n    exit 1\nfi\n# This output is used by Xcode 'outputs' to avoid re-running this script phase.\necho \"SUCCESS\" > \"${SCRIPT_OUTPUT_FILE_0}\"\n";
			showEnvVarsInLog = 0;
		};
		786E7F6F522899FC68A738B8 /* [CP] Copy Pods Resources */ = {
			isa = PBXShellScriptBuildPhase;
			buildActionMask = 2147483647;
			files = (
			);
			inputPaths = (
				"${SRCROOT}/Pods/Target Support Files/Pods-ScanerFood/Pods-ScanerFood-resources.sh",
				"${PODS_ROOT}/GoogleMaps/Maps/Frameworks/GoogleMaps.framework/Resources/GoogleMaps.bundle",
			);
			name = "[CP] Copy Pods Resources";
			outputPaths = (
				"${TARGET_BUILD_DIR}/${UNLOCALIZED_RESOURCES_FOLDER_PATH}/GoogleMaps.bundle",
			);
			runOnlyForDeploymentPostprocessing = 0;
			shellPath = /bin/sh;
			shellScript = "\"${SRCROOT}/Pods/Target Support Files/Pods-ScanerFood/Pods-ScanerFood-resources.sh\"\n";
			showEnvVarsInLog = 0;
		};
		DFD177510B49960198A6DC2E /* [CP] Check Pods Manifest.lock */ = {
			isa = PBXShellScriptBuildPhase;
			buildActionMask = 2147483647;
			files = (
			);
			inputPaths = (
				"${PODS_PODFILE_DIR_PATH}/Podfile.lock",
				"${PODS_ROOT}/Manifest.lock",
			);
			name = "[CP] Check Pods Manifest.lock";
			outputPaths = (
				"$(DERIVED_FILE_DIR)/Pods-ScanerFood-checkManifestLockResult.txt",
			);
			runOnlyForDeploymentPostprocessing = 0;
			shellPath = /bin/sh;
			shellScript = "diff \"${PODS_PODFILE_DIR_PATH}/Podfile.lock\" \"${PODS_ROOT}/Manifest.lock\" > /dev/null\nif [ $? != 0 ] ; then\n    # print error to STDERR\n    echo \"error: The sandbox is not in sync with the Podfile.lock. Run 'pod install' or update your CocoaPods installation.\" >&2\n    exit 1\nfi\n# This output is used by Xcode 'outputs' to avoid re-running this script phase.\necho \"SUCCESS\" > \"${SCRIPT_OUTPUT_FILE_0}\"\n";
			showEnvVarsInLog = 0;
		};
/* End PBXShellScriptBuildPhase section */

/* Begin PBXSourcesBuildPhase section */
		13F9AD4A211441CE00AEEA66 /* Sources */ = {
			isa = PBXSourcesBuildPhase;
			buildActionMask = 2147483647;
			files = (
				13207526212048F000D02051 /* VW_DirectionView.m in Sources */,
				1320752A2120490600D02051 /* VW_EditView.m in Sources */,
				130B8A2E21228C9800DDB7A3 /* Route.m in Sources */,
				130B8A3721228EF100DDB7A3 /* GoogleMapValue.m in Sources */,
				1320750E2120478E00D02051 /* VC_MainPageManager.m in Sources */,
				130B8A3421228DAC00DDB7A3 /* Location.m in Sources */,
				132075162120487900D02051 /* TC_MainPageSearchCell.m in Sources */,
				130B89FE21216E7800DDB7A3 /* AutoScrollLabel.m in Sources */,
				13F41B1A2114502400A5CA1F /* UIColor_EXT.m in Sources */,
				130B8A2821227A2F00DDB7A3 /* Leg.m in Sources */,
				130B8A2B2122891C00DDB7A3 /* GeocodedWaypoint.m in Sources */,
				130B8A1E2122756100DDB7A3 /* ApplicationDataHandler.m in Sources */,
				130B8A3121228D9800DDB7A3 /* Bounds.m in Sources */,
				130B8A2521227A0400DDB7A3 /* DirectionOverview.m in Sources */,
				130B8A3A21228FED00DDB7A3 /* Polyline.m in Sources */,
				130B8A1B212274AA00DDB7A3 /* Step.m in Sources */,
				13F41B0A21144B1C00A5CA1F /* ApplicationNavigationController.m in Sources */,
				132075122120483A00D02051 /* VC_MainPageSeach.m in Sources */,
				1320750A2120476E00D02051 /* VC_MainPageSpaceDetails.m in Sources */,
				13F9AD64211441CE00AEEA66 /* main.m in Sources */,
				1320751E212048AA00D02051 /* TC_MainPageDistrictCell.m in Sources */,
				13207522212048DC00D02051 /* VW_DetailsView.m in Sources */,
				1320751A2120489300D02051 /* TVC_MainPageDistrict.m in Sources */,
				1335B8EE211F1DBC00C8EE2C /* VC_MainPageHome.m in Sources */,
				130B8A212122769200DDB7A3 /* ApplicationDirectionService.m in Sources */,
				13F9AD53211441CE00AEEA66 /* AppDelegate.m in Sources */,
			);
			runOnlyForDeploymentPostprocessing = 0;
		};
		13F9AD65211441CE00AEEA66 /* Sources */ = {
			isa = PBXSourcesBuildPhase;
			buildActionMask = 2147483647;
			files = (
				13F9AD6E211441CE00AEEA66 /* ScanerFoodTests.m in Sources */,
			);
			runOnlyForDeploymentPostprocessing = 0;
		};
		13F9AD70211441CE00AEEA66 /* Sources */ = {
			isa = PBXSourcesBuildPhase;
			buildActionMask = 2147483647;
			files = (
				13F9AD79211441CE00AEEA66 /* ScanerFoodUITests.m in Sources */,
			);
			runOnlyForDeploymentPostprocessing = 0;
		};
/* End PBXSourcesBuildPhase section */

/* Begin PBXTargetDependency section */
		13F9AD6B211441CE00AEEA66 /* PBXTargetDependency */ = {
			isa = PBXTargetDependency;
			target = 13F9AD4D211441CE00AEEA66 /* ScanerFood */;
			targetProxy = 13F9AD6A211441CE00AEEA66 /* PBXContainerItemProxy */;
		};
		13F9AD76211441CE00AEEA66 /* PBXTargetDependency */ = {
			isa = PBXTargetDependency;
			target = 13F9AD4D211441CE00AEEA66 /* ScanerFood */;
			targetProxy = 13F9AD75211441CE00AEEA66 /* PBXContainerItemProxy */;
		};
/* End PBXTargetDependency section */

/* Begin XCBuildConfiguration section */
		13F9AD7B211441CE00AEEA66 /* Debug */ = {
			isa = XCBuildConfiguration;
			buildSettings = {
				ALWAYS_SEARCH_USER_PATHS = NO;
				CLANG_ANALYZER_NONNULL = YES;
				CLANG_ANALYZER_NUMBER_OBJECT_CONVERSION = YES_AGGRESSIVE;
				CLANG_CXX_LANGUAGE_STANDARD = "gnu++14";
				CLANG_CXX_LIBRARY = "libc++";
				CLANG_ENABLE_MODULES = YES;
				CLANG_ENABLE_OBJC_ARC = YES;
				CLANG_WARN_BLOCK_CAPTURE_AUTORELEASING = YES;
				CLANG_WARN_BOOL_CONVERSION = YES;
				CLANG_WARN_COMMA = YES;
				CLANG_WARN_CONSTANT_CONVERSION = YES;
				CLANG_WARN_DEPRECATED_OBJC_IMPLEMENTATIONS = YES;
				CLANG_WARN_DIRECT_OBJC_ISA_USAGE = YES_ERROR;
				CLANG_WARN_DOCUMENTATION_COMMENTS = YES;
				CLANG_WARN_EMPTY_BODY = YES;
				CLANG_WARN_ENUM_CONVERSION = YES;
				CLANG_WARN_INFINITE_RECURSION = YES;
				CLANG_WARN_INT_CONVERSION = YES;
				CLANG_WARN_NON_LITERAL_NULL_CONVERSION = YES;
				CLANG_WARN_OBJC_IMPLICIT_RETAIN_SELF = YES;
				CLANG_WARN_OBJC_LITERAL_CONVERSION = YES;
				CLANG_WARN_OBJC_ROOT_CLASS = YES_ERROR;
				CLANG_WARN_RANGE_LOOP_ANALYSIS = YES;
				CLANG_WARN_STRICT_PROTOTYPES = YES;
				CLANG_WARN_SUSPICIOUS_MOVE = YES;
				CLANG_WARN_UNGUARDED_AVAILABILITY = YES_AGGRESSIVE;
				CLANG_WARN_UNREACHABLE_CODE = YES;
				CLANG_WARN__DUPLICATE_METHOD_MATCH = YES;
				CODE_SIGN_IDENTITY = "iPhone Developer";
				COPY_PHASE_STRIP = NO;
				DEBUG_INFORMATION_FORMAT = dwarf;
				ENABLE_STRICT_OBJC_MSGSEND = YES;
				ENABLE_TESTABILITY = YES;
				GCC_C_LANGUAGE_STANDARD = gnu11;
				GCC_DYNAMIC_NO_PIC = NO;
				GCC_NO_COMMON_BLOCKS = YES;
				GCC_OPTIMIZATION_LEVEL = 0;
				GCC_PREPROCESSOR_DEFINITIONS = (
					"DEBUG=1",
					"$(inherited)",
				);
				GCC_WARN_64_TO_32_BIT_CONVERSION = YES;
				GCC_WARN_ABOUT_RETURN_TYPE = YES_ERROR;
				GCC_WARN_UNDECLARED_SELECTOR = YES;
				GCC_WARN_UNINITIALIZED_AUTOS = YES_AGGRESSIVE;
				GCC_WARN_UNUSED_FUNCTION = YES;
				GCC_WARN_UNUSED_VARIABLE = YES;
				IPHONEOS_DEPLOYMENT_TARGET = 11.2;
				MTL_ENABLE_DEBUG_INFO = YES;
				ONLY_ACTIVE_ARCH = YES;
				SDKROOT = iphoneos;
			};
			name = Debug;
		};
		13F9AD7C211441CE00AEEA66 /* Release */ = {
			isa = XCBuildConfiguration;
			buildSettings = {
				ALWAYS_SEARCH_USER_PATHS = NO;
				CLANG_ANALYZER_NONNULL = YES;
				CLANG_ANALYZER_NUMBER_OBJECT_CONVERSION = YES_AGGRESSIVE;
				CLANG_CXX_LANGUAGE_STANDARD = "gnu++14";
				CLANG_CXX_LIBRARY = "libc++";
				CLANG_ENABLE_MODULES = YES;
				CLANG_ENABLE_OBJC_ARC = YES;
				CLANG_WARN_BLOCK_CAPTURE_AUTORELEASING = YES;
				CLANG_WARN_BOOL_CONVERSION = YES;
				CLANG_WARN_COMMA = YES;
				CLANG_WARN_CONSTANT_CONVERSION = YES;
				CLANG_WARN_DEPRECATED_OBJC_IMPLEMENTATIONS = YES;
				CLANG_WARN_DIRECT_OBJC_ISA_USAGE = YES_ERROR;
				CLANG_WARN_DOCUMENTATION_COMMENTS = YES;
				CLANG_WARN_EMPTY_BODY = YES;
				CLANG_WARN_ENUM_CONVERSION = YES;
				CLANG_WARN_INFINITE_RECURSION = YES;
				CLANG_WARN_INT_CONVERSION = YES;
				CLANG_WARN_NON_LITERAL_NULL_CONVERSION = YES;
				CLANG_WARN_OBJC_IMPLICIT_RETAIN_SELF = YES;
				CLANG_WARN_OBJC_LITERAL_CONVERSION = YES;
				CLANG_WARN_OBJC_ROOT_CLASS = YES_ERROR;
				CLANG_WARN_RANGE_LOOP_ANALYSIS = YES;
				CLANG_WARN_STRICT_PROTOTYPES = YES;
				CLANG_WARN_SUSPICIOUS_MOVE = YES;
				CLANG_WARN_UNGUARDED_AVAILABILITY = YES_AGGRESSIVE;
				CLANG_WARN_UNREACHABLE_CODE = YES;
				CLANG_WARN__DUPLICATE_METHOD_MATCH = YES;
				CODE_SIGN_IDENTITY = "iPhone Developer";
				COPY_PHASE_STRIP = NO;
				DEBUG_INFORMATION_FORMAT = "dwarf-with-dsym";
				ENABLE_NS_ASSERTIONS = NO;
				ENABLE_STRICT_OBJC_MSGSEND = YES;
				GCC_C_LANGUAGE_STANDARD = gnu11;
				GCC_NO_COMMON_BLOCKS = YES;
				GCC_WARN_64_TO_32_BIT_CONVERSION = YES;
				GCC_WARN_ABOUT_RETURN_TYPE = YES_ERROR;
				GCC_WARN_UNDECLARED_SELECTOR = YES;
				GCC_WARN_UNINITIALIZED_AUTOS = YES_AGGRESSIVE;
				GCC_WARN_UNUSED_FUNCTION = YES;
				GCC_WARN_UNUSED_VARIABLE = YES;
				IPHONEOS_DEPLOYMENT_TARGET = 11.2;
				MTL_ENABLE_DEBUG_INFO = NO;
				SDKROOT = iphoneos;
				SWIFT_COMPILATION_MODE = wholemodule;
				VALIDATE_PRODUCT = YES;
			};
			name = Release;
		};
		13F9AD7E211441CE00AEEA66 /* Debug */ = {
			isa = XCBuildConfiguration;
			baseConfigurationReference = CEA92E25A453FB97F1D94F6F /* Pods-ScanerFood.debug.xcconfig */;
			buildSettings = {
				ALWAYS_EMBED_SWIFT_STANDARD_LIBRARIES = YES;
				ASSETCATALOG_COMPILER_APPICON_NAME = AppIcon;
				CLANG_ENABLE_MODULES = YES;
				CODE_SIGN_STYLE = Automatic;
				DEVELOPMENT_TEAM = 5592AK55J4;
				GCC_PRECOMPILE_PREFIX_HEADER = YES;
				GCC_PREFIX_HEADER = "$(SRCROOT)/ScanerFood/PrefixHeader.pch";
				INFOPLIST_FILE = ScanerFood/Info.plist;
				IPHONEOS_DEPLOYMENT_TARGET = 10.0;
				LD_RUNPATH_SEARCH_PATHS = "$(inherited) @executable_path/Frameworks";
				PRODUCT_BUNDLE_IDENTIFIER = com.cd.personal.ScanerFood;
				PRODUCT_NAME = "$(TARGET_NAME)";
				SWIFT_OBJC_BRIDGING_HEADER = "ScanerFood/DataSource/MappingObject/ScanerFood-Bridging-Header.h";
				SWIFT_OPTIMIZATION_LEVEL = "-Onone";
				SWIFT_VERSION = 3.0;
				TARGETED_DEVICE_FAMILY = 1;
			};
			name = Debug;
		};
		13F9AD7F211441CE00AEEA66 /* Release */ = {
			isa = XCBuildConfiguration;
			baseConfigurationReference = 6A21E0E22CDEB2CD432F4282 /* Pods-ScanerFood.release.xcconfig */;
			buildSettings = {
				ALWAYS_EMBED_SWIFT_STANDARD_LIBRARIES = YES;
				ASSETCATALOG_COMPILER_APPICON_NAME = AppIcon;
				CLANG_ENABLE_MODULES = YES;
				CODE_SIGN_STYLE = Automatic;
				DEVELOPMENT_TEAM = 5592AK55J4;
				GCC_PRECOMPILE_PREFIX_HEADER = YES;
				GCC_PREFIX_HEADER = "$(SRCROOT)/ScanerFood/PrefixHeader.pch";
				INFOPLIST_FILE = ScanerFood/Info.plist;
				IPHONEOS_DEPLOYMENT_TARGET = 10.0;
				LD_RUNPATH_SEARCH_PATHS = "$(inherited) @executable_path/Frameworks";
				PRODUCT_BUNDLE_IDENTIFIER = com.cd.personal.ScanerFood;
				PRODUCT_NAME = "$(TARGET_NAME)";
				SWIFT_OBJC_BRIDGING_HEADER = "ScanerFood/DataSource/MappingObject/ScanerFood-Bridging-Header.h";
				SWIFT_VERSION = 3.0;
				TARGETED_DEVICE_FAMILY = 1;
			};
			name = Release;
		};
		13F9AD81211441CE00AEEA66 /* Debug */ = {
			isa = XCBuildConfiguration;
			baseConfigurationReference = 4248C0DCD1F2F2BCF8AE3AFA /* Pods-ScanerFoodTests.debug.xcconfig */;
			buildSettings = {
				BUNDLE_LOADER = "$(TEST_HOST)";
				CODE_SIGN_STYLE = Automatic;
				DEVELOPMENT_TEAM = 5592AK55J4;
				INFOPLIST_FILE = ScanerFoodTests/Info.plist;
				LD_RUNPATH_SEARCH_PATHS = "$(inherited) @executable_path/Frameworks @loader_path/Frameworks";
				PRODUCT_BUNDLE_IDENTIFIER = com.cd.personal.ScanerFoodTests;
				PRODUCT_NAME = "$(TARGET_NAME)";
				TARGETED_DEVICE_FAMILY = "1,2";
				TEST_HOST = "$(BUILT_PRODUCTS_DIR)/ScanerFood.app/ScanerFood";
			};
			name = Debug;
		};
		13F9AD82211441CE00AEEA66 /* Release */ = {
			isa = XCBuildConfiguration;
			baseConfigurationReference = 7080A48000F0B829F526AC73 /* Pods-ScanerFoodTests.release.xcconfig */;
			buildSettings = {
				BUNDLE_LOADER = "$(TEST_HOST)";
				CODE_SIGN_STYLE = Automatic;
				DEVELOPMENT_TEAM = 5592AK55J4;
				INFOPLIST_FILE = ScanerFoodTests/Info.plist;
				LD_RUNPATH_SEARCH_PATHS = "$(inherited) @executable_path/Frameworks @loader_path/Frameworks";
				PRODUCT_BUNDLE_IDENTIFIER = com.cd.personal.ScanerFoodTests;
				PRODUCT_NAME = "$(TARGET_NAME)";
				TARGETED_DEVICE_FAMILY = "1,2";
				TEST_HOST = "$(BUILT_PRODUCTS_DIR)/ScanerFood.app/ScanerFood";
			};
			name = Release;
		};
		13F9AD84211441CE00AEEA66 /* Debug */ = {
			isa = XCBuildConfiguration;
			baseConfigurationReference = A74BBBD59A05E667EAE94ABB /* Pods-ScanerFoodUITests.debug.xcconfig */;
			buildSettings = {
				CODE_SIGN_STYLE = Automatic;
				DEVELOPMENT_TEAM = 5592AK55J4;
				INFOPLIST_FILE = ScanerFoodUITests/Info.plist;
				LD_RUNPATH_SEARCH_PATHS = "$(inherited) @executable_path/Frameworks @loader_path/Frameworks";
				PRODUCT_BUNDLE_IDENTIFIER = com.cd.personal.ScanerFoodUITests;
				PRODUCT_NAME = "$(TARGET_NAME)";
				TARGETED_DEVICE_FAMILY = "1,2";
				TEST_TARGET_NAME = ScanerFood;
			};
			name = Debug;
		};
		13F9AD85211441CE00AEEA66 /* Release */ = {
			isa = XCBuildConfiguration;
			baseConfigurationReference = 310346DAC741F1795F7AF99A /* Pods-ScanerFoodUITests.release.xcconfig */;
			buildSettings = {
				CODE_SIGN_STYLE = Automatic;
				DEVELOPMENT_TEAM = 5592AK55J4;
				INFOPLIST_FILE = ScanerFoodUITests/Info.plist;
				LD_RUNPATH_SEARCH_PATHS = "$(inherited) @executable_path/Frameworks @loader_path/Frameworks";
				PRODUCT_BUNDLE_IDENTIFIER = com.cd.personal.ScanerFoodUITests;
				PRODUCT_NAME = "$(TARGET_NAME)";
				TARGETED_DEVICE_FAMILY = "1,2";
				TEST_TARGET_NAME = ScanerFood;
			};
			name = Release;
		};
/* End XCBuildConfiguration section */

/* Begin XCConfigurationList section */
		13F9AD49211441CE00AEEA66 /* Build configuration list for PBXProject "ScanerFood" */ = {
			isa = XCConfigurationList;
			buildConfigurations = (
				13F9AD7B211441CE00AEEA66 /* Debug */,
				13F9AD7C211441CE00AEEA66 /* Release */,
			);
			defaultConfigurationIsVisible = 0;
			defaultConfigurationName = Release;
		};
		13F9AD7D211441CE00AEEA66 /* Build configuration list for PBXNativeTarget "ScanerFood" */ = {
			isa = XCConfigurationList;
			buildConfigurations = (
				13F9AD7E211441CE00AEEA66 /* Debug */,
				13F9AD7F211441CE00AEEA66 /* Release */,
			);
			defaultConfigurationIsVisible = 0;
			defaultConfigurationName = Release;
		};
		13F9AD80211441CE00AEEA66 /* Build configuration list for PBXNativeTarget "ScanerFoodTests" */ = {
			isa = XCConfigurationList;
			buildConfigurations = (
				13F9AD81211441CE00AEEA66 /* Debug */,
				13F9AD82211441CE00AEEA66 /* Release */,
			);
			defaultConfigurationIsVisible = 0;
			defaultConfigurationName = Release;
		};
		13F9AD83211441CE00AEEA66 /* Build configuration list for PBXNativeTarget "ScanerFoodUITests" */ = {
			isa = XCConfigurationList;
			buildConfigurations = (
				13F9AD84211441CE00AEEA66 /* Debug */,
				13F9AD85211441CE00AEEA66 /* Release */,
			);
			defaultConfigurationIsVisible = 0;
			defaultConfigurationName = Release;
		};
/* End XCConfigurationList section */
	};
	rootObject = 13F9AD46211441CE00AEEA66 /* Project object */;
}
